dependencies:
- name: common
  repository: https://opsolving.github.io/charts/
  version: 2.31.4
- name: apisix
  repository: https://charts.apiseven.com
  version: 2.16.0
- name: postgresql
  repository: oci://registry-1.docker.io/bitnamicharts
  version: 18.7.11
- name: postgresql
  repository: oci://registry-1.docker.io/bitnamicharts
  version: 18.7.11
digest: sha256:65e9e667e3c11fdd320871dc498280e23c0f6f25ad60b1d4f8c1df2ab360780d
generated: "2026-08-09T07:31:02.875071+02:00"
